{
  "object": {
    "pins": [
      {
        "package": "DataSource",
        "repositoryURL": "https://github.com/adam-leitgeb/DataSource.git",
        "state": {
          "branch": null,
          "revision": "d833b4371534886ca96247ec1b86401bf870e70d",
          "version": "1.0.0"
        }
      }
    ]
  },
  "version": 1
}
